
Microsoft Visual Studio Solution File, Format Version 12.00
# Visual Studio 2013
VisualStudioVersion = 12.0.31101.0
MinimumVisualStudioVersion = 10.0.40219.1
Project("{FAE04EC0-301F-11D3-BF4B-00C04F79EFBC}") = "WpfApplication1", "ViewExtraction.csproj", "{8F8EC929-FBC4-42B4-8CD4-CEF2D24B047C}"
EndProject
Global
	GlobalSection(SolutionConfigurationPlatforms) = preSolution
		Debug|Any CPU = Debug|Any CPU
		Release|Any CPU = Release|Any CPU
	EndGlobalSection
	GlobalSection(ProjectConfigurationPlatforms) = postSolution
		{8F8EC929-FBC4-42B4-8CD4-CEF2D24B047C}.Debug|Any CPU.ActiveCfg = Debug|Any CPU
		{8F8EC929-FBC4-42B4-8CD4-CEF2D24B047C}.Debug|Any CPU.Build.0 = Debug|Any CPU
		{8F8EC929-FBC4-42B4-8CD4-CEF2D24B047C}.Release|Any CPU.ActiveCfg = Release|Any CPU
		{8F8EC929-FBC4-42B4-8CD4-CEF2D24B047C}.Release|Any CPU.Build.0 = Release|Any CPU
	EndGlobalSection
	GlobalSection(SolutionProperties) = preSolution
		HideSolutionNode = FALSE
	EndGlobalSection
EndGlobal
